
Microsoft Visual Studio Solution File, Format Version 12.00
# Visual Studio 15
VisualStudioVersion = 15.0.26730.3
MinimumVisualStudioVersion = 10.0.40219.1
Project("{2150E333-8FDC-42A3-9474-1A3956D46DE8}") = "01_TheBasics", "01_TheBasics", "{C83559B5-8AD2-4A49-A4D1-4B032A4E930A}"
EndProject
Project("{2150E333-8FDC-42A3-9474-1A3956D46DE8}") = "02_Dependencies", "02_Dependencies", "{F19F828B-66F1-4CF7-B489-2E3807F28065}"
EndProject
Project("{2150E333-8FDC-42A3-9474-1A3956D46DE8}") = "03_Strategies", "03_Strategies", "{E5E15556-BABE-41DB-936D-8181D92A9832}"
EndProject
Project("{2150E333-8FDC-42A3-9474-1A3956D46DE8}") = "04_ContinuousTesting", "04_ContinuousTesting", "{9DD1800A-D33A-4A3A-AA97-A50A1C25277B}"
EndProject
Project("{2150E333-8FDC-42A3-9474-1A3956D46DE8}") = "DRY", "DRY", "{18E4D344-E76D-498B-A3FA-47208945BCD7}"
EndProject
Project("{2150E333-8FDC-42A3-9474-1A3956D46DE8}") = "DAMP", "DAMP", "{325F4A84-63AB-4F85-B43D-FDE9D0C445AD}"
EndProject
Project("{2150E333-8FDC-42A3-9474-1A3956D46DE8}") = "00_SolutionUnderTest", "00_SolutionUnderTest", "{86750702-3AEB-4BA2-B7F2-16A9A9E5CF4A}"
EndProject
Project("{FAE04EC0-301F-11D3-BF4B-00C04F79EFBC}") = "SUT.Entities", "00_SolutionUnderTest\SUT.Entities\SUT.Entities.csproj", "{3C851ACD-02D3-4E1C-B2AA-CA3598CAC036}"
EndProject
Project("{FAE04EC0-301F-11D3-BF4B-00C04F79EFBC}") = "SUT.FinancialCalculator", "00_SolutionUnderTest\SUT.FinancialCalculator\SUT.FinancialCalculator.csproj", "{C9AF8F52-54C2-45EA-83AE-9AA0ADDA44C3}"
EndProject
Global
	GlobalSection(SolutionConfigurationPlatforms) = preSolution
		Debug|Any CPU = Debug|Any CPU
		Release|Any CPU = Release|Any CPU
	EndGlobalSection
	GlobalSection(ProjectConfigurationPlatforms) = postSolution
		{3C851ACD-02D3-4E1C-B2AA-CA3598CAC036}.Debug|Any CPU.ActiveCfg = Debug|Any CPU
		{3C851ACD-02D3-4E1C-B2AA-CA3598CAC036}.Debug|Any CPU.Build.0 = Debug|Any CPU
		{3C851ACD-02D3-4E1C-B2AA-CA3598CAC036}.Release|Any CPU.ActiveCfg = Release|Any CPU
		{3C851ACD-02D3-4E1C-B2AA-CA3598CAC036}.Release|Any CPU.Build.0 = Release|Any CPU
		{C9AF8F52-54C2-45EA-83AE-9AA0ADDA44C3}.Debug|Any CPU.ActiveCfg = Debug|Any CPU
		{C9AF8F52-54C2-45EA-83AE-9AA0ADDA44C3}.Debug|Any CPU.Build.0 = Debug|Any CPU
		{C9AF8F52-54C2-45EA-83AE-9AA0ADDA44C3}.Release|Any CPU.ActiveCfg = Release|Any CPU
		{C9AF8F52-54C2-45EA-83AE-9AA0ADDA44C3}.Release|Any CPU.Build.0 = Release|Any CPU
	EndGlobalSection
	GlobalSection(SolutionProperties) = preSolution
		HideSolutionNode = FALSE
	EndGlobalSection
	GlobalSection(NestedProjects) = preSolution
		{18E4D344-E76D-498B-A3FA-47208945BCD7} = {E5E15556-BABE-41DB-936D-8181D92A9832}
		{325F4A84-63AB-4F85-B43D-FDE9D0C445AD} = {E5E15556-BABE-41DB-936D-8181D92A9832}
		{3C851ACD-02D3-4E1C-B2AA-CA3598CAC036} = {86750702-3AEB-4BA2-B7F2-16A9A9E5CF4A}
		{C9AF8F52-54C2-45EA-83AE-9AA0ADDA44C3} = {86750702-3AEB-4BA2-B7F2-16A9A9E5CF4A}
	EndGlobalSection
	GlobalSection(ExtensibilityGlobals) = postSolution
		SolutionGuid = {32EFF621-CF46-48DC-A7DF-65B9F2F6951D}
	EndGlobalSection
EndGlobal
