
Microsoft Visual Studio Solution File, Format Version 12.00
# Visual Studio Version 16
VisualStudioVersion = 16.0.28713.253
MinimumVisualStudioVersion = 10.0.40219.1
Project("{2150E333-8FDC-42A3-9474-1A3956D46DE8}") = "01_TheBasics", "01_TheBasics", "{C83559B5-8AD2-4A49-A4D1-4B032A4E930A}"
EndProject
Project("{2150E333-8FDC-42A3-9474-1A3956D46DE8}") = "00_SolutionUnderTest", "00_SolutionUnderTest", "{86750702-3AEB-4BA2-B7F2-16A9A9E5CF4A}"
EndProject
Project("{FAE04EC0-301F-11D3-BF4B-00C04F79EFBC}") = "SUT.Entities", "00_SolutionUnderTest\SUT.Entities\SUT.Entities.csproj", "{3C851ACD-02D3-4E1C-B2AA-CA3598CAC036}"
EndProject
Project("{FAE04EC0-301F-11D3-BF4B-00C04F79EFBC}") = "SUT.FinancialCalculator", "00_SolutionUnderTest\SUT.FinancialCalculator\SUT.FinancialCalculator.csproj", "{C9AF8F52-54C2-45EA-83AE-9AA0ADDA44C3}"
EndProject
Project("{FAE04EC0-301F-11D3-BF4B-00C04F79EFBC}") = "SUT.UI", "SUT.UI\SUT.UI.csproj", "{0E3A61C4-E647-4BCC-87FA-334FE8BC87C9}"
EndProject
Project("{FAE04EC0-301F-11D3-BF4B-00C04F79EFBC}") = "SUT.DataAccess", "SUT.DataAccess\SUT.DataAccess.csproj", "{FEB1B033-5414-4C05-96DD-B72CE6F6F5E8}"
EndProject
Project("{00D1A9C2-B5F0-4AF3-8072-F6C62B433612}") = "SUT.Database", "SUT.Database\SUT.Database.sqlproj", "{92BA09F9-7D14-479F-9E9B-F9EE5B8FC77F}"
EndProject
Project("{FAE04EC0-301F-11D3-BF4B-00C04F79EFBC}") = "Tests.DataAccess.UnitTests", "Tests.DataAccess.UnitTests\Tests.DataAccess.UnitTests.csproj", "{422F0B25-0EB8-49B6-BE6A-B7755101CE76}"
EndProject
Project("{FAE04EC0-301F-11D3-BF4B-00C04F79EFBC}") = "Tests.FinancialCalculator.UnitTests", "Tests.FinancialCalculator.UnitTests\Tests.FinancialCalculator.UnitTests.csproj", "{1E9AB41B-CBCA-4373-ACA2-DB3346C014EF}"
EndProject
Global
	GlobalSection(SolutionConfigurationPlatforms) = preSolution
		Debug|Any CPU = Debug|Any CPU
		Release|Any CPU = Release|Any CPU
	EndGlobalSection
	GlobalSection(ProjectConfigurationPlatforms) = postSolution
		{3C851ACD-02D3-4E1C-B2AA-CA3598CAC036}.Debug|Any CPU.ActiveCfg = Debug|Any CPU
		{3C851ACD-02D3-4E1C-B2AA-CA3598CAC036}.Debug|Any CPU.Build.0 = Debug|Any CPU
		{3C851ACD-02D3-4E1C-B2AA-CA3598CAC036}.Release|Any CPU.ActiveCfg = Release|Any CPU
		{3C851ACD-02D3-4E1C-B2AA-CA3598CAC036}.Release|Any CPU.Build.0 = Release|Any CPU
		{C9AF8F52-54C2-45EA-83AE-9AA0ADDA44C3}.Debug|Any CPU.ActiveCfg = Debug|Any CPU
		{C9AF8F52-54C2-45EA-83AE-9AA0ADDA44C3}.Debug|Any CPU.Build.0 = Debug|Any CPU
		{C9AF8F52-54C2-45EA-83AE-9AA0ADDA44C3}.Release|Any CPU.ActiveCfg = Release|Any CPU
		{C9AF8F52-54C2-45EA-83AE-9AA0ADDA44C3}.Release|Any CPU.Build.0 = Release|Any CPU
		{0E3A61C4-E647-4BCC-87FA-334FE8BC87C9}.Debug|Any CPU.ActiveCfg = Debug|Any CPU
		{0E3A61C4-E647-4BCC-87FA-334FE8BC87C9}.Debug|Any CPU.Build.0 = Debug|Any CPU
		{0E3A61C4-E647-4BCC-87FA-334FE8BC87C9}.Release|Any CPU.ActiveCfg = Release|Any CPU
		{0E3A61C4-E647-4BCC-87FA-334FE8BC87C9}.Release|Any CPU.Build.0 = Release|Any CPU
		{FEB1B033-5414-4C05-96DD-B72CE6F6F5E8}.Debug|Any CPU.ActiveCfg = Debug|Any CPU
		{FEB1B033-5414-4C05-96DD-B72CE6F6F5E8}.Debug|Any CPU.Build.0 = Debug|Any CPU
		{FEB1B033-5414-4C05-96DD-B72CE6F6F5E8}.Release|Any CPU.ActiveCfg = Release|Any CPU
		{FEB1B033-5414-4C05-96DD-B72CE6F6F5E8}.Release|Any CPU.Build.0 = Release|Any CPU
		{92BA09F9-7D14-479F-9E9B-F9EE5B8FC77F}.Debug|Any CPU.ActiveCfg = Debug|Any CPU
		{92BA09F9-7D14-479F-9E9B-F9EE5B8FC77F}.Debug|Any CPU.Build.0 = Debug|Any CPU
		{92BA09F9-7D14-479F-9E9B-F9EE5B8FC77F}.Debug|Any CPU.Deploy.0 = Debug|Any CPU
		{92BA09F9-7D14-479F-9E9B-F9EE5B8FC77F}.Release|Any CPU.ActiveCfg = Release|Any CPU
		{92BA09F9-7D14-479F-9E9B-F9EE5B8FC77F}.Release|Any CPU.Build.0 = Release|Any CPU
		{92BA09F9-7D14-479F-9E9B-F9EE5B8FC77F}.Release|Any CPU.Deploy.0 = Release|Any CPU
		{422F0B25-0EB8-49B6-BE6A-B7755101CE76}.Debug|Any CPU.ActiveCfg = Debug|Any CPU
		{422F0B25-0EB8-49B6-BE6A-B7755101CE76}.Debug|Any CPU.Build.0 = Debug|Any CPU
		{422F0B25-0EB8-49B6-BE6A-B7755101CE76}.Release|Any CPU.ActiveCfg = Release|Any CPU
		{422F0B25-0EB8-49B6-BE6A-B7755101CE76}.Release|Any CPU.Build.0 = Release|Any CPU
		{1E9AB41B-CBCA-4373-ACA2-DB3346C014EF}.Debug|Any CPU.ActiveCfg = Debug|Any CPU
		{1E9AB41B-CBCA-4373-ACA2-DB3346C014EF}.Debug|Any CPU.Build.0 = Debug|Any CPU
		{1E9AB41B-CBCA-4373-ACA2-DB3346C014EF}.Release|Any CPU.ActiveCfg = Release|Any CPU
		{1E9AB41B-CBCA-4373-ACA2-DB3346C014EF}.Release|Any CPU.Build.0 = Release|Any CPU
	EndGlobalSection
	GlobalSection(SolutionProperties) = preSolution
		HideSolutionNode = FALSE
	EndGlobalSection
	GlobalSection(NestedProjects) = preSolution
		{3C851ACD-02D3-4E1C-B2AA-CA3598CAC036} = {86750702-3AEB-4BA2-B7F2-16A9A9E5CF4A}
		{C9AF8F52-54C2-45EA-83AE-9AA0ADDA44C3} = {86750702-3AEB-4BA2-B7F2-16A9A9E5CF4A}
		{0E3A61C4-E647-4BCC-87FA-334FE8BC87C9} = {86750702-3AEB-4BA2-B7F2-16A9A9E5CF4A}
		{FEB1B033-5414-4C05-96DD-B72CE6F6F5E8} = {86750702-3AEB-4BA2-B7F2-16A9A9E5CF4A}
		{92BA09F9-7D14-479F-9E9B-F9EE5B8FC77F} = {86750702-3AEB-4BA2-B7F2-16A9A9E5CF4A}
		{422F0B25-0EB8-49B6-BE6A-B7755101CE76} = {C83559B5-8AD2-4A49-A4D1-4B032A4E930A}
		{1E9AB41B-CBCA-4373-ACA2-DB3346C014EF} = {C83559B5-8AD2-4A49-A4D1-4B032A4E930A}
	EndGlobalSection
	GlobalSection(ExtensibilityGlobals) = postSolution
		SolutionGuid = {32EFF621-CF46-48DC-A7DF-65B9F2F6951D}
	EndGlobalSection
EndGlobal
